
Microsoft Visual Studio Solution File, Format Version 12.00
# Visual Studio Version 16
VisualStudioVersion = 16.0.810.25
MinimumVisualStudioVersion = 10.0.40219.1
Project("{FAE04EC0-301F-11D3-BF4B-00C04F79EFBC}") = "CAB301-Jobs", "CAB301-Jobs.csproj", "{870C6CF6-14BA-473F-8A41-FCB96C90F885}"
EndProject
Global
	GlobalSection(SolutionConfigurationPlatforms) = preSolution
		Debug|Any CPU = Debug|Any CPU
		Release|Any CPU = Release|Any CPU
	EndGlobalSection
	GlobalSection(ProjectConfigurationPlatforms) = postSolution
		{870C6CF6-14BA-473F-8A41-FCB96C90F885}.Debug|Any CPU.ActiveCfg = Debug|Any CPU
		{870C6CF6-14BA-473F-8A41-FCB96C90F885}.Debug|Any CPU.Build.0 = Debug|Any CPU
		{870C6CF6-14BA-473F-8A41-FCB96C90F885}.Release|Any CPU.ActiveCfg = Release|Any CPU
		{870C6CF6-14BA-473F-8A41-FCB96C90F885}.Release|Any CPU.Build.0 = Release|Any CPU
	EndGlobalSection
	GlobalSection(SolutionProperties) = preSolution
		HideSolutionNode = FALSE
	EndGlobalSection
	GlobalSection(ExtensibilityGlobals) = postSolution
		SolutionGuid = {C75552F5-95DD-4711-92FD-86CAEFD8D105}
	EndGlobalSection
EndGlobal
